PODS:
  - Alamofire (5.5.0)
  - DropDown (2.3.13)
  - FSCalendar (2.8.4)
  - GoogleMaps (6.2.1):
    - GoogleMaps/Maps (= 6.2.1)
  - GoogleMaps/Base (6.2.1)
  - GoogleMaps/Maps (6.2.1):
    - GoogleMaps/Base
  - MarqueeLabel (4.3.0)
  - MBProgressHUD (1.2.0)
  - razorpay-pod (1.1.18)
  - SDWebImage (5.12.3):
    - SDWebImage/Core (= 5.12.3)
  - SDWebImage/Core (5.12.3)
  - SideMenu (6.5.0)
  - SVProgressHUD (2.2.6):
    - SVProgressHUD/Core (= 2.2.6)
  - SVProgressHUD/Core (2.2.6)
  - TPKeyboardAvoiding (1.3.5)
  - XMLParsing (0.0.2)
  - youtube-ios-player-helper (1.0.4)

DEPENDENCIES:
  - Alamofire (~> 5.3)
  - DropDown
  - FSCalendar
  - GoogleMaps
  - MarqueeLabel
  - MBProgressHUD
  - razorpay-pod (~> 1.1.1)
  - SDWebImage
  - SideMenu (~> 6.0)
  - SVProgressHUD (from `https://github.com/SVProgressHUD/SVProgressHUD.git`)
  - TPKeyboardAvoiding (~> 1.2)
  - XMLParsing
  - youtube-ios-player-helper

SPEC REPOS:
  trunk:
    - Alamofire
    - DropDown
    - FSCalendar
    - GoogleMaps
    - MarqueeLabel
    - MBProgressHUD
    - razorpay-pod
    - SDWebImage
    - SideMenu
    - TPKeyboardAvoiding
    - XMLParsing
    - youtube-ios-player-helper

EXTERNAL SOURCES:
  SVProgressHUD:
    :git: https://github.com/SVProgressHUD/SVProgressHUD.git

CHECKOUT OPTIONS:
  SVProgressHUD:
    :commit: de1d4dba816a19454329031156b8788692bcfa2c
    :git: https://github.com/SVProgressHUD/SVProgressHUD.git

SPEC CHECKSUMS:
  Alamofire: 1c4fb5369c3fe93d2857c780d8bbe09f06f97e7c
  DropDown: 8a2116376c1981888557f72ec2ffc9a5e0e456ec
  FSCalendar: 2d1d0d9398f12d439f55c1fe0f01525b151b8260
  GoogleMaps: 20d7b12be49a14287f797e88e0e31bc4156aaeb4
  MarqueeLabel: 02f5ac8fd6877c94564556cb93fa86c70c08baeb
  MBProgressHUD: 3ee5efcc380f6a79a7cc9b363dd669c5e1ae7406
  razorpay-pod: 9aca3a303ef2f9281232c2f742fc6de937679500
  SDWebImage: 53179a2dba77246efa8a9b85f5c5b21f8f43e38f
  SideMenu: f583187d21c5b1dd04c72002be544b555a2627a2
  SVProgressHUD: de812b4f0e1d65358f0064416473174ae619843f
  TPKeyboardAvoiding: d55b3ea7b362540af8fcf36aa3ed2e87bf210cc6
  XMLParsing: b6cc40a1de8e321a72b7f0d89080473f9d53cff8
  youtube-ios-player-helper: e9b97535e816db3152179d84d999bc1807ecd689

PODFILE CHECKSUM: 609f84d37734834f8c91aeb2b5bc8b9957c2ca9d

COCOAPODS: 1.11.2
